
Microsoft Visual Studio Solution File, Format Version 12.00
# Visual Studio 15
VisualStudioVersion = 15.0.27130.2027
MinimumVisualStudioVersion = 10.0.40219.1
Project("{FAE04EC0-301F-11D3-BF4B-00C04F79EFBC}") = "DocsvisionSocketServer", "DocsvisionSocketServer\DocsvisionSocketServer.csproj", "{6AEB8D07-35A2-4F4D-86D1-FD4C5271DF54}"
EndProject
Global
	GlobalSection(SolutionConfigurationPlatforms) = preSolution
		Debug|Any CPU = Debug|Any CPU
		Release|Any CPU = Release|Any CPU
	EndGlobalSection
	GlobalSection(ProjectConfigurationPlatforms) = postSolution
		{6AEB8D07-35A2-4F4D-86D1-FD4C5271DF54}.Debug|Any CPU.ActiveCfg = Debug|Any CPU
		{6AEB8D07-35A2-4F4D-86D1-FD4C5271DF54}.Debug|Any CPU.Build.0 = Debug|Any CPU
		{6AEB8D07-35A2-4F4D-86D1-FD4C5271DF54}.Release|Any CPU.ActiveCfg = Release|Any CPU
		{6AEB8D07-35A2-4F4D-86D1-FD4C5271DF54}.Release|Any CPU.Build.0 = Release|Any CPU
	EndGlobalSection
	GlobalSection(SolutionProperties) = preSolution
		HideSolutionNode = FALSE
	EndGlobalSection
	GlobalSection(ExtensibilityGlobals) = postSolution
		SolutionGuid = {40346DA5-C539-40D8-A3A4-8274F96DDE78}
	EndGlobalSection
EndGlobal
